
Microsoft Visual Studio Solution File, Format Version 12.00
# Visual Studio Version 16
VisualStudioVersion = 16.0.32510.428
MinimumVisualStudioVersion = 10.0.40219.1
Project("{FAE04EC0-301F-11D3-BF4B-00C04F79EFBC}") = "standard-query-response", "standard-query-response\standard-query-response.csproj", "{C685FDB5-9FDE-41F7-BE59-307122E743F5}"
EndProject
Global
	GlobalSection(SolutionConfigurationPlatforms) = preSolution
		Debug|Any CPU = Debug|Any CPU
		Release|Any CPU = Release|Any CPU
	EndGlobalSection
	GlobalSection(ProjectConfigurationPlatforms) = postSolution
		{C685FDB5-9FDE-41F7-BE59-307122E743F5}.Debug|Any CPU.ActiveCfg = Debug|Any CPU
		{C685FDB5-9FDE-41F7-BE59-307122E743F5}.Debug|Any CPU.Build.0 = Debug|Any CPU
		{C685FDB5-9FDE-41F7-BE59-307122E743F5}.Release|Any CPU.ActiveCfg = Release|Any CPU
		{C685FDB5-9FDE-41F7-BE59-307122E743F5}.Release|Any CPU.Build.0 = Release|Any CPU
	EndGlobalSection
	GlobalSection(SolutionProperties) = preSolution
		HideSolutionNode = FALSE
	EndGlobalSection
	GlobalSection(ExtensibilityGlobals) = postSolution
		SolutionGuid = {EE8E8FF7-82DE-4BBA-956B-7DAEC175726D}
	EndGlobalSection
EndGlobal
